
Microsoft Visual Studio Solution File, Format Version 12.00
# Visual Studio Version 17
VisualStudioVersion = 17.7.34024.191
MinimumVisualStudioVersion = 10.0.40219.1
Project("{FAE04EC0-301F-11D3-BF4B-00C04F79EFBC}") = "03022024", "03022024\03022024.csproj", "{821F4239-FD96-40B7-AEAA-D0F192553D55}"
EndProject
Project("{FAE04EC0-301F-11D3-BF4B-00C04F79EFBC}") = "BLL", "BLL\BLL.csproj", "{E52AB376-4969-4017-9591-70BCCB6B2BB0}"
EndProject
Project("{FAE04EC0-301F-11D3-BF4B-00C04F79EFBC}") = "DAL", "DAL\DAL.csproj", "{18A00B97-8A5F-4FA1-89C7-60AC3C0582F3}"
EndProject
Global
	GlobalSection(SolutionConfigurationPlatforms) = preSolution
		Debug|Any CPU = Debug|Any CPU
		Release|Any CPU = Release|Any CPU
	EndGlobalSection
	GlobalSection(ProjectConfigurationPlatforms) = postSolution
		{821F4239-FD96-40B7-AEAA-D0F192553D55}.Debug|Any CPU.ActiveCfg = Debug|Any CPU
		{821F4239-FD96-40B7-AEAA-D0F192553D55}.Debug|Any CPU.Build.0 = Debug|Any CPU
		{821F4239-FD96-40B7-AEAA-D0F192553D55}.Release|Any CPU.ActiveCfg = Release|Any CPU
		{821F4239-FD96-40B7-AEAA-D0F192553D55}.Release|Any CPU.Build.0 = Release|Any CPU
		{E52AB376-4969-4017-9591-70BCCB6B2BB0}.Debug|Any CPU.ActiveCfg = Debug|Any CPU
		{E52AB376-4969-4017-9591-70BCCB6B2BB0}.Debug|Any CPU.Build.0 = Debug|Any CPU
		{E52AB376-4969-4017-9591-70BCCB6B2BB0}.Release|Any CPU.ActiveCfg = Release|Any CPU
		{E52AB376-4969-4017-9591-70BCCB6B2BB0}.Release|Any CPU.Build.0 = Release|Any CPU
		{18A00B97-8A5F-4FA1-89C7-60AC3C0582F3}.Debug|Any CPU.ActiveCfg = Debug|Any CPU
		{18A00B97-8A5F-4FA1-89C7-60AC3C0582F3}.Debug|Any CPU.Build.0 = Debug|Any CPU
		{18A00B97-8A5F-4FA1-89C7-60AC3C0582F3}.Release|Any CPU.ActiveCfg = Release|Any CPU
		{18A00B97-8A5F-4FA1-89C7-60AC3C0582F3}.Release|Any CPU.Build.0 = Release|Any CPU
	EndGlobalSection
	GlobalSection(SolutionProperties) = preSolution
		HideSolutionNode = FALSE
	EndGlobalSection
	GlobalSection(ExtensibilityGlobals) = postSolution
		SolutionGuid = {BECC9716-C3E3-4EA3-B0B1-F93B745966A2}
	EndGlobalSection
EndGlobal
